
Microsoft Visual Studio Solution File, Format Version 12.00
# Visual Studio Version 17
VisualStudioVersion = 17.12.35514.174
MinimumVisualStudioVersion = 10.0.40219.1
Project("{FAE04EC0-301F-11D3-BF4B-00C04F79EFBC}") = "Wave16Bit", "Wave16Bit\Wave16Bit.csproj", "{75806840-07DD-4CE6-AD33-A533C775A837}"
EndProject
Project("{FAE04EC0-301F-11D3-BF4B-00C04F79EFBC}") = "Test", "Test\Test.csproj", "{C3F98F1B-93B5-4566-B309-6131AB570006}"
	ProjectSection(ProjectDependencies) = postProject
		{75806840-07DD-4CE6-AD33-A533C775A837} = {75806840-07DD-4CE6-AD33-A533C775A837}
	EndProjectSection
EndProject
Project("{FAE04EC0-301F-11D3-BF4B-00C04F79EFBC}") = "SampleCutter", "SampleCutter\SampleCutter.csproj", "{10076D09-BEC5-4738-A6DD-F1A35F2DCF79}"
EndProject
Project("{FAE04EC0-301F-11D3-BF4B-00C04F79EFBC}") = "Normalization", "Normalization\Normalization.csproj", "{97637D15-B121-498C-9CFB-AF37F77771FE}"
EndProject
Global
	GlobalSection(SolutionConfigurationPlatforms) = preSolution
		Debug|Any CPU = Debug|Any CPU
		Release|Any CPU = Release|Any CPU
	EndGlobalSection
	GlobalSection(ProjectConfigurationPlatforms) = postSolution
		{75806840-07DD-4CE6-AD33-A533C775A837}.Debug|Any CPU.ActiveCfg = Debug|Any CPU
		{75806840-07DD-4CE6-AD33-A533C775A837}.Debug|Any CPU.Build.0 = Debug|Any CPU
		{75806840-07DD-4CE6-AD33-A533C775A837}.Release|Any CPU.ActiveCfg = Release|Any CPU
		{75806840-07DD-4CE6-AD33-A533C775A837}.Release|Any CPU.Build.0 = Release|Any CPU
		{C3F98F1B-93B5-4566-B309-6131AB570006}.Debug|Any CPU.ActiveCfg = Debug|Any CPU
		{C3F98F1B-93B5-4566-B309-6131AB570006}.Debug|Any CPU.Build.0 = Debug|Any CPU
		{C3F98F1B-93B5-4566-B309-6131AB570006}.Release|Any CPU.ActiveCfg = Release|Any CPU
		{C3F98F1B-93B5-4566-B309-6131AB570006}.Release|Any CPU.Build.0 = Release|Any CPU
		{10076D09-BEC5-4738-A6DD-F1A35F2DCF79}.Debug|Any CPU.ActiveCfg = Debug|Any CPU
		{10076D09-BEC5-4738-A6DD-F1A35F2DCF79}.Debug|Any CPU.Build.0 = Debug|Any CPU
		{10076D09-BEC5-4738-A6DD-F1A35F2DCF79}.Release|Any CPU.ActiveCfg = Release|Any CPU
		{10076D09-BEC5-4738-A6DD-F1A35F2DCF79}.Release|Any CPU.Build.0 = Release|Any CPU
		{97637D15-B121-498C-9CFB-AF37F77771FE}.Debug|Any CPU.ActiveCfg = Debug|Any CPU
		{97637D15-B121-498C-9CFB-AF37F77771FE}.Debug|Any CPU.Build.0 = Debug|Any CPU
		{97637D15-B121-498C-9CFB-AF37F77771FE}.Release|Any CPU.ActiveCfg = Release|Any CPU
		{97637D15-B121-498C-9CFB-AF37F77771FE}.Release|Any CPU.Build.0 = Release|Any CPU
	EndGlobalSection
	GlobalSection(SolutionProperties) = preSolution
		HideSolutionNode = FALSE
	EndGlobalSection
EndGlobal
